
Microsoft Visual Studio Solution File, Format Version 12.00
# Visual Studio Version 16
VisualStudioVersion = 16.0.31005.135
MinimumVisualStudioVersion = 10.0.40219.1
Project("{FAE04EC0-301F-11D3-BF4B-00C04F79EFBC}") = "Mail_Sender_Desktop_Application", "Mail_Sender_Desktop_Application\Mail_Sender_Desktop_Application.csproj", "{680E9131-3437-4DB0-A670-9BF295AA6AD8}"
EndProject
Global
	GlobalSection(SolutionConfigurationPlatforms) = preSolution
		Debug|Any CPU = Debug|Any CPU
		Release|Any CPU = Release|Any CPU
	EndGlobalSection
	GlobalSection(ProjectConfigurationPlatforms) = postSolution
		{680E9131-3437-4DB0-A670-9BF295AA6AD8}.Debug|Any CPU.ActiveCfg = Debug|Any CPU
		{680E9131-3437-4DB0-A670-9BF295AA6AD8}.Debug|Any CPU.Build.0 = Debug|Any CPU
		{680E9131-3437-4DB0-A670-9BF295AA6AD8}.Release|Any CPU.ActiveCfg = Release|Any CPU
		{680E9131-3437-4DB0-A670-9BF295AA6AD8}.Release|Any CPU.Build.0 = Release|Any CPU
	EndGlobalSection
	GlobalSection(SolutionProperties) = preSolution
		HideSolutionNode = FALSE
	EndGlobalSection
	GlobalSection(ExtensibilityGlobals) = postSolution
		SolutionGuid = {9A84574D-C0F1-450A-9B7D-8E92551443E2}
	EndGlobalSection
EndGlobal
